# This file is generated by running "yarn install" inside your project.
# Manual changes might be lost - proceed with caution!

__metadata:
  version: 8
  cacheKey: 10

"@acp-router/adapter-telegram@workspace:*, @acp-router/adapter-telegram@workspace:packages/adapter-telegram":
  version: 0.0.0-use.local
  resolution: "@acp-router/adapter-telegram@workspace:packages/adapter-telegram"
  dependencies:
    "@acp-router/core": "workspace:*"
    "@types/markdown-it": "npm:^14.1.2"
    grammy: "npm:^1.35.0"
    markdown-it: "npm:^14.1.1"
    typescript: "npm:^5.9.3"
  languageName: unknown
  linkType: soft

"@acp-router/cli@workspace:packages/cli":
  version: 0.0.0-use.local
  resolution: "@acp-router/cli@workspace:packages/cli"
  dependencies:
    "@acp-router/adapter-telegram": "workspace:*"
    "@acp-router/core": "workspace:*"
    typescript: "npm:^5.9.3"
  languageName: unknown
  linkType: soft

"@acp-router/core@workspace:*, @acp-router/core@workspace:packages/core":
  version: 0.0.0-use.local
  resolution: "@acp-router/core@workspace:packages/core"
  dependencies:
    "@agentclientprotocol/sdk": "npm:^0.14.1"
    "@types/uuid": "npm:^11.0.0"
    pino: "npm:^9.9.1"
    typescript: "npm:^5.9.3"
    uuid: "npm:^13.0.0"
    zod: "npm:^4.3.6"
  languageName: unknown
  linkType: soft

"@acp-router/monorepo@workspace:.":
  version: 0.0.0-use.local
  resolution: "@acp-router/monorepo@workspace:."
  dependencies:
    "@types/node": "npm:^22"
    typescript: "npm:^5.9.3"
  languageName: unknown
  linkType: soft

"@agentclientprotocol/sdk@npm:^0.14.1":
  version: 0.14.1
  resolution: "@agentclientprotocol/sdk@npm:0.14.1"
  peerDependencies:
    zod: ^3.25.0 || ^4.0.0
  checksum: 10/b2cb29103cfde2833e0263753a05885ac000c2ea4f0bef73d512b024e5118a11c45eb68ef543581f50d8eba0a5ca0c4d9100dbd726156681e09144d576358c0d
  languageName: node
  linkType: hard

"@grammyjs/types@npm:3.24.0":
  version: 3.24.0
  resolution: "@grammyjs/types@npm:3.24.0"
  checksum: 10/de4f92ac920c6465823e00a2a9381ff33190f8d2400698df6410d065892e54d2641c7040f90fe54e7f1b9d1d3346578ed8b16cabe8627b41cda483748322df51
  languageName: node
  linkType: hard

"@pinojs/redact@npm:^0.4.0":
  version: 0.4.0
  resolution: "@pinojs/redact@npm:0.4.0"
  checksum: 10/2210ffb6b38357853d47239fd0532cc9edb406325270a81c440a35cece22090127c30c2ead3eefa3e608f2244087485308e515c431f4f69b6bd2e16cbd32812b
  languageName: node
  linkType: hard

"@types/linkify-it@npm:^5":
  version: 5.0.0
  resolution: "@types/linkify-it@npm:5.0.0"
  checksum: 10/c3919044d4876f9d71d037e861745cd2485c95ac8c36a4fa67b132d4e60eb1d067e123cc7965c9cf5110eea351517d767f0d306af5e9147d6d0af87bc374ddcf
  languageName: node
  linkType: hard

"@types/markdown-it@npm:^14.1.2":
  version: 14.1.2
  resolution: "@types/markdown-it@npm:14.1.2"
  dependencies:
    "@types/linkify-it": "npm:^5"
    "@types/mdurl": "npm:^2"
  checksum: 10/ca2f239c8d59610b9f936fd40261a6ccf2fa1ae27a21816c031e5712542dcf9ee01e2fe29b31118df90716e11ade54e47d92a498e9b6488800e77ca8827255a2
  languageName: node
  linkType: hard

"@types/mdurl@npm:^2":
  version: 2.0.0
  resolution: "@types/mdurl@npm:2.0.0"
  checksum: 10/78746e96c655ceed63db06382da466fd52c7e9dc54d60b12973dfdd110cae06b9439c4b90e17bb8d4461109184b3ea9f3e9f96b3e4bf4aa9fe18b6ac35f283c8
  languageName: node
  linkType: hard

"@types/node@npm:^22":
  version: 22.19.11
  resolution: "@types/node@npm:22.19.11"
  dependencies:
    undici-types: "npm:~6.21.0"
  checksum: 10/bb899551432ce2bf3e1a175d58802f25dfb6a96e574ce1f0056d55d0ce48513961976ee3621215565142a8ad99a2464d9c384fa53ccba0650def031d218800f7
  languageName: node
  linkType: hard

"@types/uuid@npm:^11.0.0":
  version: 11.0.0
  resolution: "@types/uuid@npm:11.0.0"
  dependencies:
    uuid: "npm:*"
  checksum: 10/9f94bd34e5d220c53cc58ea9f48a0061d3bc343e29bc33a17edc705f5e21fedda21553318151f2bc227c2b2b03727bbb536da2b82a61f84d2e1ca38abc5e5c3f
  languageName: node
  linkType: hard

"abort-controller@npm:^3.0.0":
  version: 3.0.0
  resolution: "abort-controller@npm:3.0.0"
  dependencies:
    event-target-shim: "npm:^5.0.0"
  checksum: 10/ed84af329f1828327798229578b4fe03a4dd2596ba304083ebd2252666bdc1d7647d66d0b18704477e1f8aa315f055944aa6e859afebd341f12d0a53c37b4b40
  languageName: node
  linkType: hard

"argparse@npm:^2.0.1":
  version: 2.0.1
  resolution: "argparse@npm:2.0.1"
  checksum: 10/18640244e641a417ec75a9bd38b0b2b6b95af5199aa241b131d4b2fb206f334d7ecc600bd194861610a5579084978bfcbb02baa399dbe442d56d0ae5e60dbaef
  languageName: node
  linkType: hard

"atomic-sleep@npm:^1.0.0":
  version: 1.0.0
  resolution: "atomic-sleep@npm:1.0.0"
  checksum: 10/3ab6d2cf46b31394b4607e935ec5c1c3c4f60f3e30f0913d35ea74b51b3585e84f590d09e58067f11762eec71c87d25314ce859030983dc0e4397eed21daa12e
  languageName: node
  linkType: hard

"debug@npm:^4.4.3":
  version: 4.4.3
  resolution: "debug@npm:4.4.3"
  dependencies:
    ms: "npm:^2.1.3"
  peerDependenciesMeta:
    supports-color:
      optional: true
  checksum: 10/9ada3434ea2993800bd9a1e320bd4aa7af69659fb51cca685d390949434bc0a8873c21ed7c9b852af6f2455a55c6d050aa3937d52b3c69f796dab666f762acad
  languageName: node
  linkType: hard

"entities@npm:^4.4.0":
  version: 4.5.0
  resolution: "entities@npm:4.5.0"
  checksum: 10/ede2a35c9bce1aeccd055a1b445d41c75a14a2bb1cd22e242f20cf04d236cdcd7f9c859eb83f76885327bfae0c25bf03303665ee1ce3d47c5927b98b0e3e3d48
  languageName: node
  linkType: hard

"event-target-shim@npm:^5.0.0":
  version: 5.0.1
  resolution: "event-target-shim@npm:5.0.1"
  checksum: 10/49ff46c3a7facbad3decb31f597063e761785d7fdb3920d4989d7b08c97a61c2f51183e2f3a03130c9088df88d4b489b1b79ab632219901f184f85158508f4c8
  languageName: node
  linkType: hard

"grammy@npm:^1.35.0":
  version: 1.40.0
  resolution: "grammy@npm:1.40.0"
  dependencies:
    "@grammyjs/types": "npm:3.24.0"
    abort-controller: "npm:^3.0.0"
    debug: "npm:^4.4.3"
    node-fetch: "npm:^2.7.0"
  checksum: 10/74b4c5ab5ac1eea54c421592e706eab5ef395151e85521c43bc95d63bf16a73fdac28ffef3c5c9d8201faa514c3d2f11dc81484a3f8cb364cd09a833a2e27e41
  languageName: node
  linkType: hard

"linkify-it@npm:^5.0.0":
  version: 5.0.0
  resolution: "linkify-it@npm:5.0.0"
  dependencies:
    uc.micro: "npm:^2.0.0"
  checksum: 10/ef3b7609dda6ec0c0be8a7b879cea195f0d36387b0011660cd6711bba0ad82137f59b458b7e703ec74f11d88e7c1328e2ad9b855a8500c0ded67461a8c4519e6
  languageName: node
  linkType: hard

"markdown-it@npm:^14.1.1":
  version: 14.1.1
  resolution: "markdown-it@npm:14.1.1"
  dependencies:
    argparse: "npm:^2.0.1"
    entities: "npm:^4.4.0"
    linkify-it: "npm:^5.0.0"
    mdurl: "npm:^2.0.0"
    punycode.js: "npm:^2.3.1"
    uc.micro: "npm:^2.1.0"
  bin:
    markdown-it: bin/markdown-it.mjs
  checksum: 10/088822c8aa9346ba4af6a205f6ee0f4baae55e3314f040dc5c28c897d57d0f979840c71872b3582a6a6e572d8c851c54e323c82f4559011dfa2e96224fc20fc2
  languageName: node
  linkType: hard

"mdurl@npm:^2.0.0":
  version: 2.0.0
  resolution: "mdurl@npm:2.0.0"
  checksum: 10/1720349d4a53e401aa993241368e35c0ad13d816ad0b28388928c58ca9faa0cf755fa45f18ccbf64f4ce54a845a50ddce5c84e4016897b513096a68dac4b0158
  languageName: node
  linkType: hard

"ms@npm:^2.1.3":
  version: 2.1.3
  resolution: "ms@npm:2.1.3"
  checksum: 10/aa92de608021b242401676e35cfa5aa42dd70cbdc082b916da7fb925c542173e36bce97ea3e804923fe92c0ad991434e4a38327e15a1b5b5f945d66df615ae6d
  languageName: node
  linkType: hard

"node-fetch@npm:^2.7.0":
  version: 2.7.0
  resolution: "node-fetch@npm:2.7.0"
  dependencies:
    whatwg-url: "npm:^5.0.0"
  peerDependencies:
    encoding: ^0.1.0
  peerDependenciesMeta:
    encoding:
      optional: true
  checksum: 10/b24f8a3dc937f388192e59bcf9d0857d7b6940a2496f328381641cb616efccc9866e89ec43f2ec956bbd6c3d3ee05524ce77fe7b29ccd34692b3a16f237d6676
  languageName: node
  linkType: hard

"on-exit-leak-free@npm:^2.1.0":
  version: 2.1.2
  resolution: "on-exit-leak-free@npm:2.1.2"
  checksum: 10/f7b4b7200026a08f6e4a17ba6d72e6c5cbb41789ed9cf7deaf9d9e322872c7dc5a7898549a894651ee0ee9ae635d34a678115bf8acdfba8ebd2ba2af688b563c
  languageName: node
  linkType: hard

"pino-abstract-transport@npm:^2.0.0":
  version: 2.0.0
  resolution: "pino-abstract-transport@npm:2.0.0"
  dependencies:
    split2: "npm:^4.0.0"
  checksum: 10/e5699ecb06c7121055978e988e5cecea5b6892fc2589c64f1f86df5e7386bbbfd2ada268839e911b021c6b3123428aed7c6be3ac7940eee139556c75324c7e83
  languageName: node
  linkType: hard

"pino-std-serializers@npm:^7.0.0":
  version: 7.1.0
  resolution: "pino-std-serializers@npm:7.1.0"
  checksum: 10/6e27f6f885927b6df3b424ddb8a9e0e9854f3b59f4abd51afa74e1c2cf33436a505277b004bb00ce61884a962c8fdfd977391205c7baab885d6afb35fce7396a
  languageName: node
  linkType: hard

"pino@npm:^9.9.1":
  version: 9.14.0
  resolution: "pino@npm:9.14.0"
  dependencies:
    "@pinojs/redact": "npm:^0.4.0"
    atomic-sleep: "npm:^1.0.0"
    on-exit-leak-free: "npm:^2.1.0"
    pino-abstract-transport: "npm:^2.0.0"
    pino-std-serializers: "npm:^7.0.0"
    process-warning: "npm:^5.0.0"
    quick-format-unescaped: "npm:^4.0.3"
    real-require: "npm:^0.2.0"
    safe-stable-stringify: "npm:^2.3.1"
    sonic-boom: "npm:^4.0.1"
    thread-stream: "npm:^3.0.0"
  bin:
    pino: bin.js
  checksum: 10/918e1fc764885150cb2b4fae8249a0ece53275020a7ca389f994fa2fbbb17b6353cd736c2db3a3794fbac0351f8e3d58411fabe127e875e24151a8fa4cd0b2b5
  languageName: node
  linkType: hard

"process-warning@npm:^5.0.0":
  version: 5.0.0
  resolution: "process-warning@npm:5.0.0"
  checksum: 10/10f3e00ac9fc1943ec4566ff41fff2b964e660f853c283e622257719839d340b4616e707d62a02d6aa0038761bb1fa7c56bc7308d602d51bd96f05f9cd305dcd
  languageName: node
  linkType: hard

"punycode.js@npm:^2.3.1":
  version: 2.3.1
  resolution: "punycode.js@npm:2.3.1"
  checksum: 10/f0e946d1edf063f9e3d30a32ca86d8ff90ed13ca40dad9c75d37510a04473340cfc98db23a905cc1e517b1e9deb0f6021dce6f422ace235c60d3c9ac47c5a16a
  languageName: node
  linkType: hard

"quick-format-unescaped@npm:^4.0.3":
  version: 4.0.4
  resolution: "quick-format-unescaped@npm:4.0.4"
  checksum: 10/591eca457509a99368b623db05248c1193aa3cedafc9a077d7acab09495db1231017ba3ad1b5386e5633271edd0a03b312d8640a59ee585b8516a42e15438aa7
  languageName: node
  linkType: hard

"real-require@npm:^0.2.0":
  version: 0.2.0
  resolution: "real-require@npm:0.2.0"
  checksum: 10/ddf44ee76301c774e9c9f2826da8a3c5c9f8fc87310f4a364e803ef003aa1a43c378b4323051ced212097fff1af459070f4499338b36a7469df1d4f7e8c0ba4c
  languageName: node
  linkType: hard

"safe-stable-stringify@npm:^2.3.1":
  version: 2.5.0
  resolution: "safe-stable-stringify@npm:2.5.0"
  checksum: 10/2697fa186c17c38c3ca5309637b4ac6de2f1c3d282da27cd5e1e3c88eca0fb1f9aea568a6aabdf284111592c8782b94ee07176f17126031be72ab1313ed46c5c
  languageName: node
  linkType: hard

"sonic-boom@npm:^4.0.1":
  version: 4.2.1
  resolution: "sonic-boom@npm:4.2.1"
  dependencies:
    atomic-sleep: "npm:^1.0.0"
  checksum: 10/161af46b3e6debc4ad3865b0db47f37289741a0b3005b8cf056f93a4e0e1a347e24ca1a2d8ccc864f7f19caa6185a766797f8382cdbfd2f3d046a0323d73a542
  languageName: node
  linkType: hard

"split2@npm:^4.0.0":
  version: 4.2.0
  resolution: "split2@npm:4.2.0"
  checksum: 10/09bbefc11bcf03f044584c9764cd31a252d8e52cea29130950b26161287c11f519807c5e54bd9e5804c713b79c02cefe6a98f4688630993386be353e03f534ab
  languageName: node
  linkType: hard

"thread-stream@npm:^3.0.0":
  version: 3.1.0
  resolution: "thread-stream@npm:3.1.0"
  dependencies:
    real-require: "npm:^0.2.0"
  checksum: 10/ea2d816c4f6077a7062fac5414a88e82977f807c82ee330938fb9691fe11883bb03f078551c0518bb649c239e47ba113d44014fcbb5db42c5abd5996f35e4213
  languageName: node
  linkType: hard

"tr46@npm:~0.0.3":
  version: 0.0.3
  resolution: "tr46@npm:0.0.3"
  checksum: 10/8f1f5aa6cb232f9e1bdc86f485f916b7aa38caee8a778b378ffec0b70d9307873f253f5cbadbe2955ece2ac5c83d0dc14a77513166ccd0a0c7fe197e21396695
  languageName: node
  linkType: hard

"typescript@npm:^5.9.3":
  version: 5.9.3
  resolution: "typescript@npm:5.9.3"
  bin:
    tsc: bin/tsc
    tsserver: bin/tsserver
  checksum: 10/c089d9d3da2729fd4ac517f9b0e0485914c4b3c26f80dc0cffcb5de1719a17951e92425d55db59515c1a7ddab65808466debb864d0d56dcf43f27007d0709594
  languageName: node
  linkType: hard

"typescript@patch:typescript@npm%3A^5.9.3#optional!builtin<compat/typescript>":
  version: 5.9.3
  resolution: "typescript@patch:typescript@npm%3A5.9.3#optional!builtin<compat/typescript>::version=5.9.3&hash=5786d5"
  bin:
    tsc: bin/tsc
    tsserver: bin/tsserver
  checksum: 10/696e1b017bc2635f4e0c94eb4435357701008e2f272f553d06e35b494b8ddc60aa221145e286c28ace0c89ee32827a28c2040e3a69bdc108b1a5dc8fb40b72e3
  languageName: node
  linkType: hard

"uc.micro@npm:^2.0.0, uc.micro@npm:^2.1.0":
  version: 2.1.0
  resolution: "uc.micro@npm:2.1.0"
  checksum: 10/37197358242eb9afe367502d4638ac8c5838b78792ab218eafe48287b0ed28aaca268ec0392cc5729f6c90266744de32c06ae938549aee041fc93b0f9672d6b2
  languageName: node
  linkType: hard

"undici-types@npm:~6.21.0":
  version: 6.21.0
  resolution: "undici-types@npm:6.21.0"
  checksum: 10/ec8f41aa4359d50f9b59fa61fe3efce3477cc681908c8f84354d8567bb3701fafdddf36ef6bff307024d3feb42c837cf6f670314ba37fc8145e219560e473d14
  languageName: node
  linkType: hard

"uuid@npm:*, uuid@npm:^13.0.0":
  version: 13.0.0
  resolution: "uuid@npm:13.0.0"
  bin:
    uuid: dist-node/bin/uuid
  checksum: 10/2742b24d1e00257e60612572e4d28679423469998cafbaf1fe9f1482e3edf9c40754b31bfdb3d08d71b29239f227a304588f75210b3b48f2609f0673f1feccef
  languageName: node
  linkType: hard

"webidl-conversions@npm:^3.0.0":
  version: 3.0.1
  resolution: "webidl-conversions@npm:3.0.1"
  checksum: 10/b65b9f8d6854572a84a5c69615152b63371395f0c5dcd6729c45789052296df54314db2bc3e977df41705eacb8bc79c247cee139a63fa695192f95816ed528ad
  languageName: node
  linkType: hard

"whatwg-url@npm:^5.0.0":
  version: 5.0.0
  resolution: "whatwg-url@npm:5.0.0"
  dependencies:
    tr46: "npm:~0.0.3"
    webidl-conversions: "npm:^3.0.0"
  checksum: 10/f95adbc1e80820828b45cc671d97da7cd5e4ef9deb426c31bcd5ab00dc7103042291613b3ef3caec0a2335ed09e0d5ed026c940755dbb6d404e2b27f940fdf07
  languageName: node
  linkType: hard

"zod@npm:^4.3.6":
  version: 4.3.6
  resolution: "zod@npm:4.3.6"
  checksum: 10/25fc0f62e01b557b4644bf0b393bbaf47542ab30877c37837ea8caf314a8713d220c7d7fe51f68ffa72f0e1018ddfa34d96f1973d23033f5a2a5a9b6b9d9da01
  languageName: node
  linkType: hard
